
Microsoft Visual Studio Solution File, Format Version 12.00
# Visual Studio Version 17
VisualStudioVersion = 17.11.35312.102
MinimumVisualStudioVersion = 10.0.40219.1
Project("{9A19103F-16F7-4668-BE54-9A1E7A4F7556}") = "Kais.BACKENDEFC", "Kais.BACKENDEFC\Kais.BACKENDEFC.csproj", "{5DE0FAB9-DB54-4E5C-8ECE-B9AE83B6F6AF}"
EndProject
Project("{9A19103F-16F7-4668-BE54-9A1E7A4F7556}") = "Kaits.DomainEFC", "Kaits.DomainEFC\Kaits.DomainEFC.csproj", "{FFDB1C14-CC4E-462E-A278-EC53E26E8E20}"
EndProject
Project("{9A19103F-16F7-4668-BE54-9A1E7A4F7556}") = "Kaits.Application", "Kaits.Application\Kaits.Application.csproj", "{19B3DEFE-116E-4847-8877-0838C2B547C7}"
EndProject
Project("{9A19103F-16F7-4668-BE54-9A1E7A4F7556}") = "Kaits.Infrastructure", "Kaits.Infrastructure\Kaits.Infrastructure.csproj", "{AD659B5D-19E8-4990-AFEB-BAD92DE5B4D0}"
EndProject
Project("{2150E333-8FDC-42A3-9474-1A3956D46DE8}") = "Elementos de la solución", "Elementos de la solución", "{6E92959A-2CC1-44DD-9C18-7A9E67CD35C8}"
	ProjectSection(SolutionItems) = preProject
		.gitignore = .gitignore
	EndProjectSection
EndProject
Project("{FAE04EC0-301F-11D3-BF4B-00C04F79EFBC}") = "Kaits.Application.Tests", "Kaits.Application.Tests\Kaits.Application.Tests.csproj", "{AF1EAA9F-5AF4-4740-A03F-EC41EE21E7AA}"
EndProject
Global
	GlobalSection(SolutionConfigurationPlatforms) = preSolution
		Debug|Any CPU = Debug|Any CPU
		Release|Any CPU = Release|Any CPU
	EndGlobalSection
	GlobalSection(ProjectConfigurationPlatforms) = postSolution
		{5DE0FAB9-DB54-4E5C-8ECE-B9AE83B6F6AF}.Debug|Any CPU.ActiveCfg = Debug|Any CPU
		{5DE0FAB9-DB54-4E5C-8ECE-B9AE83B6F6AF}.Debug|Any CPU.Build.0 = Debug|Any CPU
		{5DE0FAB9-DB54-4E5C-8ECE-B9AE83B6F6AF}.Release|Any CPU.ActiveCfg = Release|Any CPU
		{5DE0FAB9-DB54-4E5C-8ECE-B9AE83B6F6AF}.Release|Any CPU.Build.0 = Release|Any CPU
		{FFDB1C14-CC4E-462E-A278-EC53E26E8E20}.Debug|Any CPU.ActiveCfg = Debug|Any CPU
		{FFDB1C14-CC4E-462E-A278-EC53E26E8E20}.Debug|Any CPU.Build.0 = Debug|Any CPU
		{FFDB1C14-CC4E-462E-A278-EC53E26E8E20}.Release|Any CPU.ActiveCfg = Release|Any CPU
		{FFDB1C14-CC4E-462E-A278-EC53E26E8E20}.Release|Any CPU.Build.0 = Release|Any CPU
		{19B3DEFE-116E-4847-8877-0838C2B547C7}.Debug|Any CPU.ActiveCfg = Debug|Any CPU
		{19B3DEFE-116E-4847-8877-0838C2B547C7}.Debug|Any CPU.Build.0 = Debug|Any CPU
		{19B3DEFE-116E-4847-8877-0838C2B547C7}.Release|Any CPU.ActiveCfg = Release|Any CPU
		{19B3DEFE-116E-4847-8877-0838C2B547C7}.Release|Any CPU.Build.0 = Release|Any CPU
		{AD659B5D-19E8-4990-AFEB-BAD92DE5B4D0}.Debug|Any CPU.ActiveCfg = Debug|Any CPU
		{AD659B5D-19E8-4990-AFEB-BAD92DE5B4D0}.Debug|Any CPU.Build.0 = Debug|Any CPU
		{AD659B5D-19E8-4990-AFEB-BAD92DE5B4D0}.Release|Any CPU.ActiveCfg = Release|Any CPU
		{AD659B5D-19E8-4990-AFEB-BAD92DE5B4D0}.Release|Any CPU.Build.0 = Release|Any CPU
		{AF1EAA9F-5AF4-4740-A03F-EC41EE21E7AA}.Debug|Any CPU.ActiveCfg = Debug|Any CPU
		{AF1EAA9F-5AF4-4740-A03F-EC41EE21E7AA}.Debug|Any CPU.Build.0 = Debug|Any CPU
		{AF1EAA9F-5AF4-4740-A03F-EC41EE21E7AA}.Release|Any CPU.ActiveCfg = Release|Any CPU
		{AF1EAA9F-5AF4-4740-A03F-EC41EE21E7AA}.Release|Any CPU.Build.0 = Release|Any CPU
	EndGlobalSection
	GlobalSection(SolutionProperties) = preSolution
		HideSolutionNode = FALSE
	EndGlobalSection
	GlobalSection(ExtensibilityGlobals) = postSolution
		SolutionGuid = {8C71DC40-B942-46AA-B08C-CFE5EF89A9E7}
	EndGlobalSection
EndGlobal
